
Microsoft Visual Studio Solution File, Format Version 12.00
# Visual Studio 15
VisualStudioVersion = 15.0.28307.106
MinimumVisualStudioVersion = 10.0.40219.1
Project("{2150E333-8FDC-42A3-9474-1A3956D46DE8}") = "docs", "docs", "{EAF45256-BE7F-4839-8CED-9D45F6C8A97A}"
	ProjectSection(SolutionItems) = preProject
		..\..\..\Users\administrator.SPDEV\Desktop\Delete Customer.png = ..\..\..\Users\administrator.SPDEV\Desktop\Delete Customer.png
		..\..\..\Users\administrator.SPDEV\Desktop\Get All Customers with pagging 2.PNG = ..\..\..\Users\administrator.SPDEV\Desktop\Get All Customers with pagging 2.PNG
		..\..\..\Users\administrator.SPDEV\Desktop\Get All Customers with pagging.PNG = ..\..\..\Users\administrator.SPDEV\Desktop\Get All Customers with pagging.PNG
		..\..\..\Users\administrator.SPDEV\Desktop\Get All Customers.PNG = ..\..\..\Users\administrator.SPDEV\Desktop\Get All Customers.PNG
		..\..\..\Users\administrator.SPDEV\Desktop\Post Customer.png = ..\..\..\Users\administrator.SPDEV\Desktop\Post Customer.png
		..\..\..\Users\administrator.SPDEV\Desktop\Put Customer.png = ..\..\..\Users\administrator.SPDEV\Desktop\Put Customer.png
		..\..\..\Users\administrator.SPDEV\Desktop\Swagger UI - Customer Web Api.PNG = ..\..\..\Users\administrator.SPDEV\Desktop\Swagger UI - Customer Web Api.PNG
	EndProjectSection
EndProject
Project("{2150E333-8FDC-42A3-9474-1A3956D46DE8}") = "src", "src", "{47F1436F-E1CA-4B48-8D7C-7860221A2158}"
EndProject
Project("{2150E333-8FDC-42A3-9474-1A3956D46DE8}") = "Core", "Core", "{C7EE5096-4E58-452B-BD29-5A601A9AC0CF}"
EndProject
Project("{2150E333-8FDC-42A3-9474-1A3956D46DE8}") = "Common", "Common", "{B9CCF520-6731-4EE1-A680-BBC2CD979982}"
EndProject
Project("{2150E333-8FDC-42A3-9474-1A3956D46DE8}") = "Infrastructure", "Infrastructure", "{8F399F1E-8F29-4EB5-8D90-0A8833D4076A}"
EndProject
Project("{2150E333-8FDC-42A3-9474-1A3956D46DE8}") = "Presentation", "Presentation", "{74AC5027-55D6-41F6-85B8-AA5F3E487091}"
EndProject
Project("{2150E333-8FDC-42A3-9474-1A3956D46DE8}") = "tests", "tests", "{6EC00851-3D40-4887-82AE-8E6A26FEDD38}"
EndProject
Project("{9A19103F-16F7-4668-BE54-9A1E7A4F7556}") = "Alpha.Travel.Common", "Alpha.Travel.Common\Alpha.Travel.Common.csproj", "{4DCAD2E2-60C0-43B1-9708-C1C5146A4A97}"
EndProject
Project("{9A19103F-16F7-4668-BE54-9A1E7A4F7556}") = "Alpha.Travel.Application", "Alpha.Travel.Application\Alpha.Travel.Application.csproj", "{733456F4-05A4-41A5-84B7-96C590A58750}"
EndProject
Project("{9A19103F-16F7-4668-BE54-9A1E7A4F7556}") = "Alpha.Travel.Domain", "Alpha.Travel.Domain\Alpha.Travel.Domain.csproj", "{2D3182C8-0144-4C03-8BDF-99974C4A06DF}"
EndProject
Project("{9A19103F-16F7-4668-BE54-9A1E7A4F7556}") = "Alpha.Travel.Infrastructure", "Alpha.Travel.Infrastructure\Alpha.Travel.Infrastructure.csproj", "{7F9C3187-93F7-43F2-A363-0D84A5CBA106}"
EndProject
Project("{9A19103F-16F7-4668-BE54-9A1E7A4F7556}") = "Alpha.Travel.Persistence", "Alpha.Travel.Persistence\Alpha.Travel.Persistence.csproj", "{02035582-C4B0-456F-B725-12C49CD0A94D}"
EndProject
Project("{9A19103F-16F7-4668-BE54-9A1E7A4F7556}") = "Alpha.Travel.WebApi", "Alpha.Travel.WebApi\Alpha.Travel.WebApi.csproj", "{448872BB-FE1E-4FDC-AA14-C605BB7F2477}"
EndProject
Project("{9A19103F-16F7-4668-BE54-9A1E7A4F7556}") = "Alpha.Travel.WebApi.Host", "Alpha.Travel.WebApi.Host\Alpha.Travel.WebApi.Host.csproj", "{FD00A99C-D54A-45A8-8121-3F23BCF0B62B}"
EndProject
Project("{9A19103F-16F7-4668-BE54-9A1E7A4F7556}") = "Alpha.Travel.Application.UnitTests", "Alpha.Travel.Application.UnitTests\Alpha.Travel.Application.UnitTests.csproj", "{772E4862-FCDD-4BE8-A6BF-8A0BD3F516D5}"
EndProject
Project("{9A19103F-16F7-4668-BE54-9A1E7A4F7556}") = "Alpha.Travel.WebApi.UnitTests", "Alpha.Travel.WebApi.UnitTests\Alpha.Travel.WebApi.UnitTests.csproj", "{94D95D06-8EB6-416F-91E9-830082B7793A}"
EndProject
Project("{9A19103F-16F7-4668-BE54-9A1E7A4F7556}") = "Alpha.Travel.WebApi.ClientSDK", "Alpha.Travel.WebApi.ClientSDK\Alpha.Travel.WebApi.ClientSDK.csproj", "{75569DFA-31AF-4A8A-AC5D-CB1F5B571BFA}"
EndProject
Project("{2150E333-8FDC-42A3-9474-1A3956D46DE8}") = "functional", "functional", "{90C76CC3-DC03-4217-944D-283F91AE9B8A}"
EndProject
Project("{2150E333-8FDC-42A3-9474-1A3956D46DE8}") = "Build", "Build", "{0A979058-2792-4DF6-9321-8B5BED657A30}"
	ProjectSection(SolutionItems) = preProject
		GenerateAlphaTravelWebApiClientSdk.ps1 = GenerateAlphaTravelWebApiClientSdk.ps1
	EndProjectSection
EndProject
Project("{2150E333-8FDC-42A3-9474-1A3956D46DE8}") = "integration", "integration", "{9F24A61C-6F95-48C2-BAD9-75CF4D2D36D9}"
EndProject
Project("{9A19103F-16F7-4668-BE54-9A1E7A4F7556}") = "Alpha.Travel.WebApi.IntegrationTests", "Alpha.Travel.WebApi.IntegrationTests\Alpha.Travel.WebApi.IntegrationTests.csproj", "{AB9A2B9A-DA80-41A0-91AB-95A4AC108CC8}"
EndProject
Global
	GlobalSection(SolutionConfigurationPlatforms) = preSolution
		Debug|Any CPU = Debug|Any CPU
		Release|Any CPU = Release|Any CPU
	EndGlobalSection
	GlobalSection(ProjectConfigurationPlatforms) = postSolution
		{4DCAD2E2-60C0-43B1-9708-C1C5146A4A97}.Debug|Any CPU.ActiveCfg = Debug|Any CPU
		{4DCAD2E2-60C0-43B1-9708-C1C5146A4A97}.Debug|Any CPU.Build.0 = Debug|Any CPU
		{4DCAD2E2-60C0-43B1-9708-C1C5146A4A97}.Release|Any CPU.ActiveCfg = Release|Any CPU
		{4DCAD2E2-60C0-43B1-9708-C1C5146A4A97}.Release|Any CPU.Build.0 = Release|Any CPU
		{733456F4-05A4-41A5-84B7-96C590A58750}.Debug|Any CPU.ActiveCfg = Debug|Any CPU
		{733456F4-05A4-41A5-84B7-96C590A58750}.Debug|Any CPU.Build.0 = Debug|Any CPU
		{733456F4-05A4-41A5-84B7-96C590A58750}.Release|Any CPU.ActiveCfg = Release|Any CPU
		{733456F4-05A4-41A5-84B7-96C590A58750}.Release|Any CPU.Build.0 = Release|Any CPU
		{2D3182C8-0144-4C03-8BDF-99974C4A06DF}.Debug|Any CPU.ActiveCfg = Debug|Any CPU
		{2D3182C8-0144-4C03-8BDF-99974C4A06DF}.Debug|Any CPU.Build.0 = Debug|Any CPU
		{2D3182C8-0144-4C03-8BDF-99974C4A06DF}.Release|Any CPU.ActiveCfg = Release|Any CPU
		{2D3182C8-0144-4C03-8BDF-99974C4A06DF}.Release|Any CPU.Build.0 = Release|Any CPU
		{7F9C3187-93F7-43F2-A363-0D84A5CBA106}.Debug|Any CPU.ActiveCfg = Debug|Any CPU
		{7F9C3187-93F7-43F2-A363-0D84A5CBA106}.Debug|Any CPU.Build.0 = Debug|Any CPU
		{7F9C3187-93F7-43F2-A363-0D84A5CBA106}.Release|Any CPU.ActiveCfg = Release|Any CPU
		{7F9C3187-93F7-43F2-A363-0D84A5CBA106}.Release|Any CPU.Build.0 = Release|Any CPU
		{02035582-C4B0-456F-B725-12C49CD0A94D}.Debug|Any CPU.ActiveCfg = Debug|Any CPU
		{02035582-C4B0-456F-B725-12C49CD0A94D}.Debug|Any CPU.Build.0 = Debug|Any CPU
		{02035582-C4B0-456F-B725-12C49CD0A94D}.Release|Any CPU.ActiveCfg = Release|Any CPU
		{02035582-C4B0-456F-B725-12C49CD0A94D}.Release|Any CPU.Build.0 = Release|Any CPU
		{448872BB-FE1E-4FDC-AA14-C605BB7F2477}.Debug|Any CPU.ActiveCfg = Debug|Any CPU
		{448872BB-FE1E-4FDC-AA14-C605BB7F2477}.Debug|Any CPU.Build.0 = Debug|Any CPU
		{448872BB-FE1E-4FDC-AA14-C605BB7F2477}.Release|Any CPU.ActiveCfg = Release|Any CPU
		{448872BB-FE1E-4FDC-AA14-C605BB7F2477}.Release|Any CPU.Build.0 = Release|Any CPU
		{FD00A99C-D54A-45A8-8121-3F23BCF0B62B}.Debug|Any CPU.ActiveCfg = Debug|Any CPU
		{FD00A99C-D54A-45A8-8121-3F23BCF0B62B}.Debug|Any CPU.Build.0 = Debug|Any CPU
		{FD00A99C-D54A-45A8-8121-3F23BCF0B62B}.Release|Any CPU.ActiveCfg = Release|Any CPU
		{FD00A99C-D54A-45A8-8121-3F23BCF0B62B}.Release|Any CPU.Build.0 = Release|Any CPU
		{772E4862-FCDD-4BE8-A6BF-8A0BD3F516D5}.Debug|Any CPU.ActiveCfg = Debug|Any CPU
		{772E4862-FCDD-4BE8-A6BF-8A0BD3F516D5}.Debug|Any CPU.Build.0 = Debug|Any CPU
		{772E4862-FCDD-4BE8-A6BF-8A0BD3F516D5}.Release|Any CPU.ActiveCfg = Release|Any CPU
		{772E4862-FCDD-4BE8-A6BF-8A0BD3F516D5}.Release|Any CPU.Build.0 = Release|Any CPU
		{94D95D06-8EB6-416F-91E9-830082B7793A}.Debug|Any CPU.ActiveCfg = Debug|Any CPU
		{94D95D06-8EB6-416F-91E9-830082B7793A}.Debug|Any CPU.Build.0 = Debug|Any CPU
		{94D95D06-8EB6-416F-91E9-830082B7793A}.Release|Any CPU.ActiveCfg = Release|Any CPU
		{94D95D06-8EB6-416F-91E9-830082B7793A}.Release|Any CPU.Build.0 = Release|Any CPU
		{75569DFA-31AF-4A8A-AC5D-CB1F5B571BFA}.Debug|Any CPU.ActiveCfg = Debug|Any CPU
		{75569DFA-31AF-4A8A-AC5D-CB1F5B571BFA}.Debug|Any CPU.Build.0 = Debug|Any CPU
		{75569DFA-31AF-4A8A-AC5D-CB1F5B571BFA}.Release|Any CPU.ActiveCfg = Release|Any CPU
		{75569DFA-31AF-4A8A-AC5D-CB1F5B571BFA}.Release|Any CPU.Build.0 = Release|Any CPU
		{AB9A2B9A-DA80-41A0-91AB-95A4AC108CC8}.Debug|Any CPU.ActiveCfg = Debug|Any CPU
		{AB9A2B9A-DA80-41A0-91AB-95A4AC108CC8}.Debug|Any CPU.Build.0 = Debug|Any CPU
		{AB9A2B9A-DA80-41A0-91AB-95A4AC108CC8}.Release|Any CPU.ActiveCfg = Release|Any CPU
		{AB9A2B9A-DA80-41A0-91AB-95A4AC108CC8}.Release|Any CPU.Build.0 = Release|Any CPU
	EndGlobalSection
	GlobalSection(SolutionProperties) = preSolution
		HideSolutionNode = FALSE
	EndGlobalSection
	GlobalSection(NestedProjects) = preSolution
		{C7EE5096-4E58-452B-BD29-5A601A9AC0CF} = {47F1436F-E1CA-4B48-8D7C-7860221A2158}
		{B9CCF520-6731-4EE1-A680-BBC2CD979982} = {47F1436F-E1CA-4B48-8D7C-7860221A2158}
		{8F399F1E-8F29-4EB5-8D90-0A8833D4076A} = {47F1436F-E1CA-4B48-8D7C-7860221A2158}
		{74AC5027-55D6-41F6-85B8-AA5F3E487091} = {47F1436F-E1CA-4B48-8D7C-7860221A2158}
		{4DCAD2E2-60C0-43B1-9708-C1C5146A4A97} = {B9CCF520-6731-4EE1-A680-BBC2CD979982}
		{733456F4-05A4-41A5-84B7-96C590A58750} = {C7EE5096-4E58-452B-BD29-5A601A9AC0CF}
		{2D3182C8-0144-4C03-8BDF-99974C4A06DF} = {C7EE5096-4E58-452B-BD29-5A601A9AC0CF}
		{7F9C3187-93F7-43F2-A363-0D84A5CBA106} = {8F399F1E-8F29-4EB5-8D90-0A8833D4076A}
		{02035582-C4B0-456F-B725-12C49CD0A94D} = {8F399F1E-8F29-4EB5-8D90-0A8833D4076A}
		{448872BB-FE1E-4FDC-AA14-C605BB7F2477} = {C7EE5096-4E58-452B-BD29-5A601A9AC0CF}
		{FD00A99C-D54A-45A8-8121-3F23BCF0B62B} = {8F399F1E-8F29-4EB5-8D90-0A8833D4076A}
		{772E4862-FCDD-4BE8-A6BF-8A0BD3F516D5} = {90C76CC3-DC03-4217-944D-283F91AE9B8A}
		{94D95D06-8EB6-416F-91E9-830082B7793A} = {90C76CC3-DC03-4217-944D-283F91AE9B8A}
		{75569DFA-31AF-4A8A-AC5D-CB1F5B571BFA} = {74AC5027-55D6-41F6-85B8-AA5F3E487091}
		{90C76CC3-DC03-4217-944D-283F91AE9B8A} = {6EC00851-3D40-4887-82AE-8E6A26FEDD38}
		{9F24A61C-6F95-48C2-BAD9-75CF4D2D36D9} = {6EC00851-3D40-4887-82AE-8E6A26FEDD38}
		{AB9A2B9A-DA80-41A0-91AB-95A4AC108CC8} = {9F24A61C-6F95-48C2-BAD9-75CF4D2D36D9}
	EndGlobalSection
	GlobalSection(ExtensibilityGlobals) = postSolution
		SolutionGuid = {F98F2095-221E-4022-BCC3-113CC09E240F}
	EndGlobalSection
EndGlobal
