
Microsoft Visual Studio Solution File, Format Version 12.00
# Visual Studio 15
VisualStudioVersion = 15.0.28307.106
MinimumVisualStudioVersion = 10.0.40219.1
Project("{2150E333-8FDC-42A3-9474-1A3956D46DE8}") = "docs", "docs", "{EAF45256-BE7F-4839-8CED-9D45F6C8A97A}"
EndProject
Project("{2150E333-8FDC-42A3-9474-1A3956D46DE8}") = "src", "src", "{47F1436F-E1CA-4B48-8D7C-7860221A2158}"
EndProject
Project("{2150E333-8FDC-42A3-9474-1A3956D46DE8}") = "Core", "Core", "{C7EE5096-4E58-452B-BD29-5A601A9AC0CF}"
EndProject
Project("{2150E333-8FDC-42A3-9474-1A3956D46DE8}") = "Common", "Common", "{B9CCF520-6731-4EE1-A680-BBC2CD979982}"
EndProject
Project("{2150E333-8FDC-42A3-9474-1A3956D46DE8}") = "Infrastructure", "Infrastructure", "{8F399F1E-8F29-4EB5-8D90-0A8833D4076A}"
EndProject
Project("{2150E333-8FDC-42A3-9474-1A3956D46DE8}") = "Presentation", "Presentation", "{74AC5027-55D6-41F6-85B8-AA5F3E487091}"
EndProject
Project("{2150E333-8FDC-42A3-9474-1A3956D46DE8}") = "tests", "tests", "{6EC00851-3D40-4887-82AE-8E6A26FEDD38}"
EndProject
Project("{9A19103F-16F7-4668-BE54-9A1E7A4F7556}") = "Alpha.Travel.Common", "Alpha.Travel.Common\Alpha.Travel.Common.csproj", "{4DCAD2E2-60C0-43B1-9708-C1C5146A4A97}"
EndProject
Project("{9A19103F-16F7-4668-BE54-9A1E7A4F7556}") = "Alpha.Travel.Application", "Alpha.Travel.Application\Alpha.Travel.Application.csproj", "{733456F4-05A4-41A5-84B7-96C590A58750}"
EndProject
Project("{FAE04EC0-301F-11D3-BF4B-00C04F79EFBC}") = "Alpha.Travel.Domain", "Alpha.Travel.Domain\Alpha.Travel.Domain.csproj", "{2D3182C8-0144-4C03-8BDF-99974C4A06DF}"
EndProject
Project("{FAE04EC0-301F-11D3-BF4B-00C04F79EFBC}") = "Alpha.Travel.Infrastructure", "Alpha.Travel.Infrastructure\Alpha.Travel.Infrastructure.csproj", "{7F9C3187-93F7-43F2-A363-0D84A5CBA106}"
EndProject
Project("{FAE04EC0-301F-11D3-BF4B-00C04F79EFBC}") = "Alpha.Travel.Persistence", "Alpha.Travel.Persistence\Alpha.Travel.Persistence.csproj", "{02035582-C4B0-456F-B725-12C49CD0A94D}"
EndProject
Global
	GlobalSection(SolutionConfigurationPlatforms) = preSolution
		Debug|Any CPU = Debug|Any CPU
		Release|Any CPU = Release|Any CPU
	EndGlobalSection
	GlobalSection(ProjectConfigurationPlatforms) = postSolution
		{4DCAD2E2-60C0-43B1-9708-C1C5146A4A97}.Debug|Any CPU.ActiveCfg = Debug|Any CPU
		{4DCAD2E2-60C0-43B1-9708-C1C5146A4A97}.Debug|Any CPU.Build.0 = Debug|Any CPU
		{4DCAD2E2-60C0-43B1-9708-C1C5146A4A97}.Release|Any CPU.ActiveCfg = Release|Any CPU
		{4DCAD2E2-60C0-43B1-9708-C1C5146A4A97}.Release|Any CPU.Build.0 = Release|Any CPU
		{733456F4-05A4-41A5-84B7-96C590A58750}.Debug|Any CPU.ActiveCfg = Debug|Any CPU
		{733456F4-05A4-41A5-84B7-96C590A58750}.Debug|Any CPU.Build.0 = Debug|Any CPU
		{733456F4-05A4-41A5-84B7-96C590A58750}.Release|Any CPU.ActiveCfg = Release|Any CPU
		{733456F4-05A4-41A5-84B7-96C590A58750}.Release|Any CPU.Build.0 = Release|Any CPU
		{2D3182C8-0144-4C03-8BDF-99974C4A06DF}.Debug|Any CPU.ActiveCfg = Debug|Any CPU
		{2D3182C8-0144-4C03-8BDF-99974C4A06DF}.Debug|Any CPU.Build.0 = Debug|Any CPU
		{2D3182C8-0144-4C03-8BDF-99974C4A06DF}.Release|Any CPU.ActiveCfg = Release|Any CPU
		{2D3182C8-0144-4C03-8BDF-99974C4A06DF}.Release|Any CPU.Build.0 = Release|Any CPU
		{7F9C3187-93F7-43F2-A363-0D84A5CBA106}.Debug|Any CPU.ActiveCfg = Debug|Any CPU
		{7F9C3187-93F7-43F2-A363-0D84A5CBA106}.Debug|Any CPU.Build.0 = Debug|Any CPU
		{7F9C3187-93F7-43F2-A363-0D84A5CBA106}.Release|Any CPU.ActiveCfg = Release|Any CPU
		{7F9C3187-93F7-43F2-A363-0D84A5CBA106}.Release|Any CPU.Build.0 = Release|Any CPU
		{02035582-C4B0-456F-B725-12C49CD0A94D}.Debug|Any CPU.ActiveCfg = Debug|Any CPU
		{02035582-C4B0-456F-B725-12C49CD0A94D}.Debug|Any CPU.Build.0 = Debug|Any CPU
		{02035582-C4B0-456F-B725-12C49CD0A94D}.Release|Any CPU.ActiveCfg = Release|Any CPU
		{02035582-C4B0-456F-B725-12C49CD0A94D}.Release|Any CPU.Build.0 = Release|Any CPU
	EndGlobalSection
	GlobalSection(SolutionProperties) = preSolution
		HideSolutionNode = FALSE
	EndGlobalSection
	GlobalSection(NestedProjects) = preSolution
		{C7EE5096-4E58-452B-BD29-5A601A9AC0CF} = {47F1436F-E1CA-4B48-8D7C-7860221A2158}
		{B9CCF520-6731-4EE1-A680-BBC2CD979982} = {47F1436F-E1CA-4B48-8D7C-7860221A2158}
		{8F399F1E-8F29-4EB5-8D90-0A8833D4076A} = {47F1436F-E1CA-4B48-8D7C-7860221A2158}
		{74AC5027-55D6-41F6-85B8-AA5F3E487091} = {47F1436F-E1CA-4B48-8D7C-7860221A2158}
		{4DCAD2E2-60C0-43B1-9708-C1C5146A4A97} = {B9CCF520-6731-4EE1-A680-BBC2CD979982}
		{733456F4-05A4-41A5-84B7-96C590A58750} = {C7EE5096-4E58-452B-BD29-5A601A9AC0CF}
		{2D3182C8-0144-4C03-8BDF-99974C4A06DF} = {C7EE5096-4E58-452B-BD29-5A601A9AC0CF}
		{7F9C3187-93F7-43F2-A363-0D84A5CBA106} = {8F399F1E-8F29-4EB5-8D90-0A8833D4076A}
		{02035582-C4B0-456F-B725-12C49CD0A94D} = {8F399F1E-8F29-4EB5-8D90-0A8833D4076A}
	EndGlobalSection
	GlobalSection(ExtensibilityGlobals) = postSolution
		SolutionGuid = {F98F2095-221E-4022-BCC3-113CC09E240F}
	EndGlobalSection
EndGlobal
